# THIS IS AN AUTOGENERATED FILE. DO NOT EDIT THIS FILE DIRECTLY.
# yarn lockfile v1


"@babel/runtime-corejs3@^7.8.7":
  version "7.25.0"
  resolved "https://registry.npmmirror.com/@babel/runtime-corejs3/-/runtime-corejs3-7.25.0.tgz#0a318b66dfc765ad10562d829fea372ed7e1eb7d"
  integrity sha512-BOehWE7MgQ8W8Qn0CQnMtg2tHPHPulcS/5AVpFvs2KCK1ET+0WqZqPvnpRpFN81gYoFopdIEJX9Sgjw3ZBccPg==
  dependencies:
    core-js-pure "^3.30.2"
    regenerator-runtime "^0.14.0"

"@babel/runtime@^7.9.0":
  version "7.25.0"
  resolved "https://registry.npmmirror.com/@babel/runtime/-/runtime-7.25.0.tgz#3af9a91c1b739c569d5d80cc917280919c544ecb"
  integrity sha512-7dRy4DwXwtzBrPbZflqxnvfxLF8kdZXPkhymtDeFoFqE6ldzjQFgYTtYIFARcLEYDrqfBfYcZt1WqFxRoyC9Rw==
  dependencies:
    regenerator-runtime "^0.14.0"

core-js-pure@^3.30.2:
  version "3.38.0"
  resolved "https://registry.npmmirror.com/core-js-pure/-/core-js-pure-3.38.0.tgz#bc802cd152e33d5b0ec733b656c71cb847cac701"
  integrity sha512-8balb/HAXo06aHP58mZMtXgD8vcnXz9tUDePgqBgJgKdmTlMt+jw3ujqniuBDQXMvTzxnMpxHFeuSM3g1jWQuQ==

core-js@^3.6.4:
  version "3.38.0"
  resolved "https://registry.npmmirror.com/core-js/-/core-js-3.38.0.tgz#8acb7c050bf2ccbb35f938c0d040132f6110f636"
  integrity sha512-XPpwqEodRljce9KswjZShh95qJ1URisBeKCjUdq27YdenkslVe7OO0ZJhlYXAChW7OhXaRLl8AAba7IBfoIHug==

micell@latest:
  version "0.15.2"
  resolved "https://registry.npmmirror.com/micell/-/micell-0.15.2.tgz#0add483a7805903b1fe736688f5d38eed801829c"
  integrity sha512-LsLf5fYPwgUncETNxDZg7EiQA6CJtVvAxifPfMTuDYWlah8Vw484GtHmCen1kR35JtIRGjwoMCSgGpwg5/Mqfg==
  dependencies:
    "@babel/runtime" "^7.9.0"
    "@babel/runtime-corejs3" "^7.8.7"
    core-js "^3.6.4"

regenerator-runtime@^0.14.0:
  version "0.14.1"
  resolved "https://registry.npmmirror.com/regenerator-runtime/-/regenerator-runtime-0.14.1.tgz#356ade10263f685dda125100cd862c1db895327f"
  integrity sha512-dYnhHh0nJoMfnkZs6GmmhFknAGRrLznOu5nc9ML+EJxGvrx6H7teuevqVqCuPcPK//3eDrrjQhehXVx9cnkGdw==
